
Microsoft Visual Studio Solution File, Format Version 12.00
# Visual Studio Version 18
VisualStudioVersion = 18.5.11801.241 oobstable
MinimumVisualStudioVersion = 10.0.40219.1
Project("{FAE04EC0-301F-11D3-BF4B-00C04F79EFBC}") = "AdsoLabs.Web", "AdsoLabs.Web\AdsoLabs.Web.csproj", "{3B4F737B-8656-4B4F-887D-E2EEBD8EBF6E}"
EndProject
Project("{FAE04EC0-301F-11D3-BF4B-00C04F79EFBC}") = "AdsoLabs.Core", "AdsoLabs.Core\AdsoLabs.Core.csproj", "{3EC1AF68-A33F-4E63-9F59-77AB4502173C}"
EndProject
Project("{FAE04EC0-301F-11D3-BF4B-00C04F79EFBC}") = "AdsoLabs.Infrastructure", "AdsoLabs.Infrastructure\AdsoLabs.Infrastructure.csproj", "{6CE70EDB-D1AB-4E66-B437-2E2D54BAC9C1}"
EndProject
Project("{FAE04EC0-301F-11D3-BF4B-00C04F79EFBC}") = "AdsoLabs.API", "AdsoLabs.API\AdsoLabs.API.csproj", "{D4381BFC-A13F-43C0-9B94-B2C7BC4EACDB}"
EndProject
Project("{FAE04EC0-301F-11D3-BF4B-00C04F79EFBC}") = "AdsoLabs.Application", "AdsoLabs.Application\AdsoLabs.Application.csproj", "{0AA1B0DB-9157-4F45-9A39-4706D97B41DC}"
EndProject
Global
	GlobalSection(SolutionConfigurationPlatforms) = preSolution
		Debug|Any CPU = Debug|Any CPU
		Debug|x64 = Debug|x64
		Debug|x86 = Debug|x86
		Release|Any CPU = Release|Any CPU
		Release|x64 = Release|x64
		Release|x86 = Release|x86
	EndGlobalSection
	GlobalSection(ProjectConfigurationPlatforms) = postSolution
		{3B4F737B-8656-4B4F-887D-E2EEBD8EBF6E}.Debug|Any CPU.ActiveCfg = Debug|Any CPU
		{3B4F737B-8656-4B4F-887D-E2EEBD8EBF6E}.Debug|Any CPU.Build.0 = Debug|Any CPU
		{3B4F737B-8656-4B4F-887D-E2EEBD8EBF6E}.Debug|x64.ActiveCfg = Debug|Any CPU
		{3B4F737B-8656-4B4F-887D-E2EEBD8EBF6E}.Debug|x64.Build.0 = Debug|Any CPU
		{3B4F737B-8656-4B4F-887D-E2EEBD8EBF6E}.Debug|x86.ActiveCfg = Debug|Any CPU
		{3B4F737B-8656-4B4F-887D-E2EEBD8EBF6E}.Debug|x86.Build.0 = Debug|Any CPU
		{3B4F737B-8656-4B4F-887D-E2EEBD8EBF6E}.Release|Any CPU.ActiveCfg = Release|Any CPU
		{3B4F737B-8656-4B4F-887D-E2EEBD8EBF6E}.Release|Any CPU.Build.0 = Release|Any CPU
		{3B4F737B-8656-4B4F-887D-E2EEBD8EBF6E}.Release|x64.ActiveCfg = Release|Any CPU
		{3B4F737B-8656-4B4F-887D-E2EEBD8EBF6E}.Release|x64.Build.0 = Release|Any CPU
		{3B4F737B-8656-4B4F-887D-E2EEBD8EBF6E}.Release|x86.ActiveCfg = Release|Any CPU
		{3B4F737B-8656-4B4F-887D-E2EEBD8EBF6E}.Release|x86.Build.0 = Release|Any CPU
		{3EC1AF68-A33F-4E63-9F59-77AB4502173C}.Debug|Any CPU.ActiveCfg = Debug|Any CPU
		{3EC1AF68-A33F-4E63-9F59-77AB4502173C}.Debug|Any CPU.Build.0 = Debug|Any CPU
		{3EC1AF68-A33F-4E63-9F59-77AB4502173C}.Debug|x64.ActiveCfg = Debug|Any CPU
		{3EC1AF68-A33F-4E63-9F59-77AB4502173C}.Debug|x64.Build.0 = Debug|Any CPU
		{3EC1AF68-A33F-4E63-9F59-77AB4502173C}.Debug|x86.ActiveCfg = Debug|Any CPU
		{3EC1AF68-A33F-4E63-9F59-77AB4502173C}.Debug|x86.Build.0 = Debug|Any CPU
		{3EC1AF68-A33F-4E63-9F59-77AB4502173C}.Release|Any CPU.ActiveCfg = Release|Any CPU
		{3EC1AF68-A33F-4E63-9F59-77AB4502173C}.Release|Any CPU.Build.0 = Release|Any CPU
		{3EC1AF68-A33F-4E63-9F59-77AB4502173C}.Release|x64.ActiveCfg = Release|Any CPU
		{3EC1AF68-A33F-4E63-9F59-77AB4502173C}.Release|x64.Build.0 = Release|Any CPU
		{3EC1AF68-A33F-4E63-9F59-77AB4502173C}.Release|x86.ActiveCfg = Release|Any CPU
		{3EC1AF68-A33F-4E63-9F59-77AB4502173C}.Release|x86.Build.0 = Release|Any CPU
		{6CE70EDB-D1AB-4E66-B437-2E2D54BAC9C1}.Debug|Any CPU.ActiveCfg = Debug|Any CPU
		{6CE70EDB-D1AB-4E66-B437-2E2D54BAC9C1}.Debug|Any CPU.Build.0 = Debug|Any CPU
		{6CE70EDB-D1AB-4E66-B437-2E2D54BAC9C1}.Debug|x64.ActiveCfg = Debug|Any CPU
		{6CE70EDB-D1AB-4E66-B437-2E2D54BAC9C1}.Debug|x64.Build.0 = Debug|Any CPU
		{6CE70EDB-D1AB-4E66-B437-2E2D54BAC9C1}.Debug|x86.ActiveCfg = Debug|Any CPU
		{6CE70EDB-D1AB-4E66-B437-2E2D54BAC9C1}.Debug|x86.Build.0 = Debug|Any CPU
		{6CE70EDB-D1AB-4E66-B437-2E2D54BAC9C1}.Release|Any CPU.ActiveCfg = Release|Any CPU
		{6CE70EDB-D1AB-4E66-B437-2E2D54BAC9C1}.Release|Any CPU.Build.0 = Release|Any CPU
		{6CE70EDB-D1AB-4E66-B437-2E2D54BAC9C1}.Release|x64.ActiveCfg = Release|Any CPU
		{6CE70EDB-D1AB-4E66-B437-2E2D54BAC9C1}.Release|x64.Build.0 = Release|Any CPU
		{6CE70EDB-D1AB-4E66-B437-2E2D54BAC9C1}.Release|x86.ActiveCfg = Release|Any CPU
		{6CE70EDB-D1AB-4E66-B437-2E2D54BAC9C1}.Release|x86.Build.0 = Release|Any CPU
		{D4381BFC-A13F-43C0-9B94-B2C7BC4EACDB}.Debug|Any CPU.ActiveCfg = Debug|Any CPU
		{D4381BFC-A13F-43C0-9B94-B2C7BC4EACDB}.Debug|Any CPU.Build.0 = Debug|Any CPU
		{D4381BFC-A13F-43C0-9B94-B2C7BC4EACDB}.Debug|x64.ActiveCfg = Debug|Any CPU
		{D4381BFC-A13F-43C0-9B94-B2C7BC4EACDB}.Debug|x64.Build.0 = Debug|Any CPU
		{D4381BFC-A13F-43C0-9B94-B2C7BC4EACDB}.Debug|x86.ActiveCfg = Debug|Any CPU
		{D4381BFC-A13F-43C0-9B94-B2C7BC4EACDB}.Debug|x86.Build.0 = Debug|Any CPU
		{D4381BFC-A13F-43C0-9B94-B2C7BC4EACDB}.Release|Any CPU.ActiveCfg = Release|Any CPU
		{D4381BFC-A13F-43C0-9B94-B2C7BC4EACDB}.Release|Any CPU.Build.0 = Release|Any CPU
		{D4381BFC-A13F-43C0-9B94-B2C7BC4EACDB}.Release|x64.ActiveCfg = Release|Any CPU
		{D4381BFC-A13F-43C0-9B94-B2C7BC4EACDB}.Release|x64.Build.0 = Release|Any CPU
		{D4381BFC-A13F-43C0-9B94-B2C7BC4EACDB}.Release|x86.ActiveCfg = Release|Any CPU
		{D4381BFC-A13F-43C0-9B94-B2C7BC4EACDB}.Release|x86.Build.0 = Release|Any CPU
		{0AA1B0DB-9157-4F45-9A39-4706D97B41DC}.Debug|Any CPU.ActiveCfg = Debug|Any CPU
		{0AA1B0DB-9157-4F45-9A39-4706D97B41DC}.Debug|Any CPU.Build.0 = Debug|Any CPU
		{0AA1B0DB-9157-4F45-9A39-4706D97B41DC}.Debug|x64.ActiveCfg = Debug|Any CPU
		{0AA1B0DB-9157-4F45-9A39-4706D97B41DC}.Debug|x64.Build.0 = Debug|Any CPU
		{0AA1B0DB-9157-4F45-9A39-4706D97B41DC}.Debug|x86.ActiveCfg = Debug|Any CPU
		{0AA1B0DB-9157-4F45-9A39-4706D97B41DC}.Debug|x86.Build.0 = Debug|Any CPU
		{0AA1B0DB-9157-4F45-9A39-4706D97B41DC}.Release|Any CPU.ActiveCfg = Release|Any CPU
		{0AA1B0DB-9157-4F45-9A39-4706D97B41DC}.Release|Any CPU.Build.0 = Release|Any CPU
		{0AA1B0DB-9157-4F45-9A39-4706D97B41DC}.Release|x64.ActiveCfg = Release|Any CPU
		{0AA1B0DB-9157-4F45-9A39-4706D97B41DC}.Release|x64.Build.0 = Release|Any CPU
		{0AA1B0DB-9157-4F45-9A39-4706D97B41DC}.Release|x86.ActiveCfg = Release|Any CPU
		{0AA1B0DB-9157-4F45-9A39-4706D97B41DC}.Release|x86.Build.0 = Release|Any CPU
	EndGlobalSection
	GlobalSection(SolutionProperties) = preSolution
		HideSolutionNode = FALSE
	EndGlobalSection
	GlobalSection(ExtensibilityGlobals) = postSolution
		SolutionGuid = {F951A1B8-1894-447A-B993-F8340C8A5E19}
	EndGlobalSection
EndGlobal
